
Microsoft Visual Studio Solution File, Format Version 12.00
# Visual Studio Version 17
VisualStudioVersion = 17.4.33213.308
MinimumVisualStudioVersion = 10.0.40219.1
Project("{FAE04EC0-301F-11D3-BF4B-00C04F79EFBC}") = "RestWithASP-NET", "RestWithASP-NET\RestWithASP-NET.csproj", "{263E6C40-7CC3-4521-999E-D3218D9E04AA}"
EndProject
Global
	GlobalSection(SolutionConfigurationPlatforms) = preSolution
		Debug|Any CPU = Debug|Any CPU
		Release|Any CPU = Release|Any CPU
	EndGlobalSection
	GlobalSection(ProjectConfigurationPlatforms) = postSolution
		{263E6C40-7CC3-4521-999E-D3218D9E04AA}.Debug|Any CPU.ActiveCfg = Debug|Any CPU
		{263E6C40-7CC3-4521-999E-D3218D9E04AA}.Debug|Any CPU.Build.0 = Debug|Any CPU
		{263E6C40-7CC3-4521-999E-D3218D9E04AA}.Release|Any CPU.ActiveCfg = Release|Any CPU
		{263E6C40-7CC3-4521-999E-D3218D9E04AA}.Release|Any CPU.Build.0 = Release|Any CPU
	EndGlobalSection
	GlobalSection(SolutionProperties) = preSolution
		HideSolutionNode = FALSE
	EndGlobalSection
	GlobalSection(ExtensibilityGlobals) = postSolution
		SolutionGuid = {EC308D9D-7C34-4BCA-BB50-A7B2A2D36DF3}
	EndGlobalSection
EndGlobal
